// !$*UTF8*$!
{
	archiveVersion = 1;
	classes = {
	};
	objectVersion = 50;
	objects = {

/* Begin PBXBuildFile section */
		9D8586A4248A1BC300681D87 /* FQNavigationController.m in Sources */ = {isa = PBXBuildFile; fileRef = 9D8586A3248A1BC300681D87 /* FQNavigationController.m */; };
		9D8586A7248A1BD700681D87 /* FQTabBarViewController.m in Sources */ = {isa = PBXBuildFile; fileRef = 9D8586A6248A1BD700681D87 /* FQTabBarViewController.m */; };
		9D8586AA248A1CA500681D87 /* JiChuVC.m in Sources */ = {isa = PBXBuildFile; fileRef = 9D8586A9248A1CA500681D87 /* JiChuVC.m */; };
		9D8586AD248A1CC300681D87 /* DemoVC.m in Sources */ = {isa = PBXBuildFile; fileRef = 9D8586AC248A1CC300681D87 /* DemoVC.m */; };
		9D8586B0248A1CD800681D87 /* GongJuVC.m in Sources */ = {isa = PBXBuildFile; fileRef = 9D8586AF248A1CD800681D87 /* GongJuVC.m */; };
		9D8586B3248A1CEA00681D87 /* GeRenVC.m in Sources */ = {isa = PBXBuildFile; fileRef = 9D8586B2248A1CEA00681D87 /* GeRenVC.m */; };
		9D8586B7248A22C800681D87 /* UIColor+FQAdd.m in Sources */ = {isa = PBXBuildFile; fileRef = 9D8586B5248A22C800681D87 /* UIColor+FQAdd.m */; };
		9D8586BA248A24F400681D87 /* jichu.json in Resources */ = {isa = PBXBuildFile; fileRef = 9D8586B9248A24F400681D87 /* jichu.json */; };
		9D8586BD248A272D00681D87 /* DuiXiangBenZhiVC.m in Sources */ = {isa = PBXBuildFile; fileRef = 9D8586BC248A272D00681D87 /* DuiXiangBenZhiVC.m */; };
		9D8586C0248A29F500681D87 /* NSData+FQAdd.m in Sources */ = {isa = PBXBuildFile; fileRef = 9D8586BF248A29F500681D87 /* NSData+FQAdd.m */; };
		9D8586C3248A2B2400681D87 /* NSObject+FQAdd.m in Sources */ = {isa = PBXBuildFile; fileRef = 9D8586C2248A2B2400681D87 /* NSObject+FQAdd.m */; };
		9D8586C6248A322500681D87 /* JiChuCell.m in Sources */ = {isa = PBXBuildFile; fileRef = 9D8586C5248A322500681D87 /* JiChuCell.m */; };
		9D8586CB248A361800681D87 /* PageVC.m in Sources */ = {isa = PBXBuildFile; fileRef = 9D8586CA248A361800681D87 /* PageVC.m */; };
		9D8586D0248B339300681D87 /* KVOStudyVC.m in Sources */ = {isa = PBXBuildFile; fileRef = 9D8586CF248B339300681D87 /* KVOStudyVC.m */; };
		9D8586D4248B3AC700681D87 /* XiaoMing.m in Sources */ = {isa = PBXBuildFile; fileRef = 9D8586D3248B3AC700681D87 /* XiaoMing.m */; };
		9D8586D9248F881600681D87 /* KVCStudyVC.m in Sources */ = {isa = PBXBuildFile; fileRef = 9D8586D8248F881600681D87 /* KVCStudyVC.m */; };
		9D87D6312489F38C00AAB9FC /* AppDelegate.m in Sources */ = {isa = PBXBuildFile; fileRef = 9D87D6302489F38C00AAB9FC /* AppDelegate.m */; };
		9D87D6372489F38C00AAB9FC /* ViewController.m in Sources */ = {isa = PBXBuildFile; fileRef = 9D87D6362489F38C00AAB9FC /* ViewController.m */; };
		9D87D63A2489F38C00AAB9FC /* Main.storyboard in Resources */ = {isa = PBXBuildFile; fileRef = 9D87D6382489F38C00AAB9FC /* Main.storyboard */; };
		9D87D63C2489F38D00AAB9FC /* Assets.xcassets in Resources */ = {isa = PBXBuildFile; fileRef = 9D87D63B2489F38D00AAB9FC /* Assets.xcassets */; };
		9D87D63F2489F38D00AAB9FC /* LaunchScreen.storyboard in Resources */ = {isa = PBXBuildFile; fileRef = 9D87D63D2489F38D00AAB9FC /* LaunchScreen.storyboard */; };
		9D87D6422489F38D00AAB9FC /* main.m in Sources */ = {isa = PBXBuildFile; fileRef = 9D87D6412489F38D00AAB9FC /* main.m */; };
		9D87D654248A077B00AAB9FC /* UIView+Extension.m in Sources */ = {isa = PBXBuildFile; fileRef = 9D87D652248A077B00AAB9FC /* UIView+Extension.m */; };
		9DBEC90F248A17A50065362F /* BaseVC.m in Sources */ = {isa = PBXBuildFile; fileRef = 9DBEC90D248A17A40065362F /* BaseVC.m */; };
		9DBEC914248A181F0065362F /* BaseTableViewCell.m in Sources */ = {isa = PBXBuildFile; fileRef = 9DBEC910248A181E0065362F /* BaseTableViewCell.m */; };
		9DBEC915248A181F0065362F /* BaseTableViewVC.m in Sources */ = {isa = PBXBuildFile; fileRef = 9DBEC911248A181E0065362F /* BaseTableViewVC.m */; };
		9DBEC91B248A19000065362F /* UIImage+Extension.m in Sources */ = {isa = PBXBuildFile; fileRef = 9DBEC919248A19000065362F /* UIImage+Extension.m */; };
		9DBEC91E248A198C0065362F /* UIBarButtonItem+Extension.m in Sources */ = {isa = PBXBuildFile; fileRef = 9DBEC91C248A198C0065362F /* UIBarButtonItem+Extension.m */; };
		9DBEC921248A1AD20065362F /* FQTabBar.m in Sources */ = {isa = PBXBuildFile; fileRef = 9DBEC91F248A1AD10065362F /* FQTabBar.m */; };
/* End PBXBuildFile section */

/* Begin PBXFileReference section */
		9D8586A2248A1BC300681D87 /* FQNavigationController.h */ = {isa = PBXFileReference; fileEncoding = 4; lastKnownFileType = sourcecode.c.h; path = FQNavigationController.h; sourceTree = "<group>"; };
		9D8586A3248A1BC300681D87 /* FQNavigationController.m */ = {isa = PBXFileReference; fileEncoding = 4; lastKnownFileType = sourcecode.c.objc; path = FQNavigationController.m; sourceTree = "<group>"; };
		9D8586A5248A1BD700681D87 /* FQTabBarViewController.h */ = {isa = PBXFileReference; fileEncoding = 4; lastKnownFileType = sourcecode.c.h; path = FQTabBarViewController.h; sourceTree = "<group>"; };
		9D8586A6248A1BD700681D87 /* FQTabBarViewController.m */ = {isa = PBXFileReference; fileEncoding = 4; lastKnownFileType = sourcecode.c.objc; path = FQTabBarViewController.m; sourceTree = "<group>"; };
		9D8586A8248A1CA500681D87 /* JiChuVC.h */ = {isa = PBXFileReference; lastKnownFileType = sourcecode.c.h; path = JiChuVC.h; sourceTree = "<group>"; };
		9D8586A9248A1CA500681D87 /* JiChuVC.m */ = {isa = PBXFileReference; lastKnownFileType = sourcecode.c.objc; path = JiChuVC.m; sourceTree = "<group>"; };
		9D8586AB248A1CC300681D87 /* DemoVC.h */ = {isa = PBXFileReference; lastKnownFileType = sourcecode.c.h; path = DemoVC.h; sourceTree = "<group>"; };
		9D8586AC248A1CC300681D87 /* DemoVC.m */ = {isa = PBXFileReference; lastKnownFileType = sourcecode.c.objc; path = DemoVC.m; sourceTree = "<group>"; };
		9D8586AE248A1CD800681D87 /* GongJuVC.h */ = {isa = PBXFileReference; lastKnownFileType = sourcecode.c.h; path = GongJuVC.h; sourceTree = "<group>"; };
		9D8586AF248A1CD800681D87 /* GongJuVC.m */ = {isa = PBXFileReference; lastKnownFileType = sourcecode.c.objc; path = GongJuVC.m; sourceTree = "<group>"; };
		9D8586B1248A1CEA00681D87 /* GeRenVC.h */ = {isa = PBXFileReference; lastKnownFileType = sourcecode.c.h; path = GeRenVC.h; sourceTree = "<group>"; };
		9D8586B2248A1CEA00681D87 /* GeRenVC.m */ = {isa = PBXFileReference; lastKnownFileType = sourcecode.c.objc; path = GeRenVC.m; sourceTree = "<group>"; };
		9D8586B5248A22C800681D87 /* UIColor+FQAdd.m */ = {isa = PBXFileReference; fileEncoding = 4; lastKnownFileType = sourcecode.c.objc; path = "UIColor+FQAdd.m"; sourceTree = "<group>"; };
		9D8586B6248A22C800681D87 /* UIColor+FQAdd.h */ = {isa = PBXFileReference; fileEncoding = 4; lastKnownFileType = sourcecode.c.h; path = "UIColor+FQAdd.h"; sourceTree = "<group>"; };
		9D8586B9248A24F400681D87 /* jichu.json */ = {isa = PBXFileReference; fileEncoding = 4; lastKnownFileType = text.json; path = jichu.json; sourceTree = "<group>"; };
		9D8586BB248A272D00681D87 /* DuiXiangBenZhiVC.h */ = {isa = PBXFileReference; lastKnownFileType = sourcecode.c.h; path = DuiXiangBenZhiVC.h; sourceTree = "<group>"; };
		9D8586BC248A272D00681D87 /* DuiXiangBenZhiVC.m */ = {isa = PBXFileReference; lastKnownFileType = sourcecode.c.objc; path = DuiXiangBenZhiVC.m; sourceTree = "<group>"; };
		9D8586BE248A29F500681D87 /* NSData+FQAdd.h */ = {isa = PBXFileReference; lastKnownFileType = sourcecode.c.h; path = "NSData+FQAdd.h"; sourceTree = "<group>"; };
		9D8586BF248A29F500681D87 /* NSData+FQAdd.m */ = {isa = PBXFileReference; lastKnownFileType = sourcecode.c.objc; path = "NSData+FQAdd.m"; sourceTree = "<group>"; };
		9D8586C1248A2B2400681D87 /* NSObject+FQAdd.h */ = {isa = PBXFileReference; lastKnownFileType = sourcecode.c.h; path = "NSObject+FQAdd.h"; sourceTree = "<group>"; };
		9D8586C2248A2B2400681D87 /* NSObject+FQAdd.m */ = {isa = PBXFileReference; lastKnownFileType = sourcecode.c.objc; path = "NSObject+FQAdd.m"; sourceTree = "<group>"; };
		9D8586C4248A322500681D87 /* JiChuCell.h */ = {isa = PBXFileReference; lastKnownFileType = sourcecode.c.h; path = JiChuCell.h; sourceTree = "<group>"; };
		9D8586C5248A322500681D87 /* JiChuCell.m */ = {isa = PBXFileReference; lastKnownFileType = sourcecode.c.objc; path = JiChuCell.m; sourceTree = "<group>"; };
		9D8586C9248A361800681D87 /* PageVC.h */ = {isa = PBXFileReference; lastKnownFileType = sourcecode.c.h; path = PageVC.h; sourceTree = "<group>"; };
		9D8586CA248A361800681D87 /* PageVC.m */ = {isa = PBXFileReference; lastKnownFileType = sourcecode.c.objc; path = PageVC.m; sourceTree = "<group>"; };
		9D8586CE248B339300681D87 /* KVOStudyVC.h */ = {isa = PBXFileReference; lastKnownFileType = sourcecode.c.h; path = KVOStudyVC.h; sourceTree = "<group>"; };
		9D8586CF248B339300681D87 /* KVOStudyVC.m */ = {isa = PBXFileReference; lastKnownFileType = sourcecode.c.objc; path = KVOStudyVC.m; sourceTree = "<group>"; };
		9D8586D2248B3AC700681D87 /* XiaoMing.h */ = {isa = PBXFileReference; lastKnownFileType = sourcecode.c.h; path = XiaoMing.h; sourceTree = "<group>"; };
		9D8586D3248B3AC700681D87 /* XiaoMing.m */ = {isa = PBXFileReference; lastKnownFileType = sourcecode.c.objc; path = XiaoMing.m; sourceTree = "<group>"; };
		9D8586D7248F881600681D87 /* KVCStudyVC.h */ = {isa = PBXFileReference; lastKnownFileType = sourcecode.c.h; path = KVCStudyVC.h; sourceTree = "<group>"; };
		9D8586D8248F881600681D87 /* KVCStudyVC.m */ = {isa = PBXFileReference; lastKnownFileType = sourcecode.c.objc; path = KVCStudyVC.m; sourceTree = "<group>"; };
		9D87D62C2489F38C00AAB9FC /* iOS学习.app */ = {isa = PBXFileReference; explicitFileType = wrapper.application; includeInIndex = 0; path = "iOS学习.app"; sourceTree = BUILT_PRODUCTS_DIR; };
		9D87D62F2489F38C00AAB9FC /* AppDelegate.h */ = {isa = PBXFileReference; lastKnownFileType = sourcecode.c.h; path = AppDelegate.h; sourceTree = "<group>"; };
		9D87D6302489F38C00AAB9FC /* AppDelegate.m */ = {isa = PBXFileReference; lastKnownFileType = sourcecode.c.objc; path = AppDelegate.m; sourceTree = "<group>"; };
		9D87D6352489F38C00AAB9FC /* ViewController.h */ = {isa = PBXFileReference; lastKnownFileType = sourcecode.c.h; path = ViewController.h; sourceTree = "<group>"; };
		9D87D6362489F38C00AAB9FC /* ViewController.m */ = {isa = PBXFileReference; lastKnownFileType = sourcecode.c.objc; path = ViewController.m; sourceTree = "<group>"; };
		9D87D6392489F38C00AAB9FC /* Base */ = {isa = PBXFileReference; lastKnownFileType = file.storyboard; name = Base; path = Base.lproj/Main.storyboard; sourceTree = "<group>"; };
		9D87D63B2489F38D00AAB9FC /* Assets.xcassets */ = {isa = PBXFileReference; lastKnownFileType = folder.assetcatalog; path = Assets.xcassets; sourceTree = "<group>"; };
		9D87D63E2489F38D00AAB9FC /* Base */ = {isa = PBXFileReference; lastKnownFileType = file.storyboard; name = Base; path = Base.lproj/LaunchScreen.storyboard; sourceTree = "<group>"; };
		9D87D6402489F38D00AAB9FC /* Info.plist */ = {isa = PBXFileReference; lastKnownFileType = text.plist.xml; path = Info.plist; sourceTree = "<group>"; };
		9D87D6412489F38D00AAB9FC /* main.m */ = {isa = PBXFileReference; lastKnownFileType = sourcecode.c.objc; path = main.m; sourceTree = "<group>"; };
		9D87D652248A077B00AAB9FC /* UIView+Extension.m */ = {isa = PBXFileReference; fileEncoding = 4; lastKnownFileType = sourcecode.c.objc; path = "UIView+Extension.m"; sourceTree = "<group>"; };
		9D87D653248A077B00AAB9FC /* UIView+Extension.h */ = {isa = PBXFileReference; fileEncoding = 4; lastKnownFileType = sourcecode.c.h; path = "UIView+Extension.h"; sourceTree = "<group>"; };
		9D87D655248A115100AAB9FC /* PrefixHeader.pch */ = {isa = PBXFileReference; lastKnownFileType = sourcecode.c.h; path = PrefixHeader.pch; sourceTree = "<group>"; };
		9DBEC90D248A17A40065362F /* BaseVC.m */ = {isa = PBXFileReference; fileEncoding = 4; lastKnownFileType = sourcecode.c.objc; path = BaseVC.m; sourceTree = "<group>"; };
		9DBEC90E248A17A40065362F /* BaseVC.h */ = {isa = PBXFileReference; fileEncoding = 4; lastKnownFileType = sourcecode.c.h; path = BaseVC.h; sourceTree = "<group>"; };
		9DBEC910248A181E0065362F /* BaseTableViewCell.m */ = {isa = PBXFileReference; fileEncoding = 4; lastKnownFileType = sourcecode.c.objc; path = BaseTableViewCell.m; sourceTree = "<group>"; };
		9DBEC911248A181E0065362F /* BaseTableViewVC.m */ = {isa = PBXFileReference; fileEncoding = 4; lastKnownFileType = sourcecode.c.objc; path = BaseTableViewVC.m; sourceTree = "<group>"; };
		9DBEC912248A181E0065362F /* BaseTableViewCell.h */ = {isa = PBXFileReference; fileEncoding = 4; lastKnownFileType = sourcecode.c.h; path = BaseTableViewCell.h; sourceTree = "<group>"; };
		9DBEC913248A181F0065362F /* BaseTableViewVC.h */ = {isa = PBXFileReference; fileEncoding = 4; lastKnownFileType = sourcecode.c.h; path = BaseTableViewVC.h; sourceTree = "<group>"; };
		9DBEC919248A19000065362F /* UIImage+Extension.m */ = {isa = PBXFileReference; fileEncoding = 4; lastKnownFileType = sourcecode.c.objc; path = "UIImage+Extension.m"; sourceTree = "<group>"; };
		9DBEC91A248A19000065362F /* UIImage+Extension.h */ = {isa = PBXFileReference; fileEncoding = 4; lastKnownFileType = sourcecode.c.h; path = "UIImage+Extension.h"; sourceTree = "<group>"; };
		9DBEC91C248A198C0065362F /* UIBarButtonItem+Extension.m */ = {isa = PBXFileReference; fileEncoding = 4; lastKnownFileType = sourcecode.c.objc; path = "UIBarButtonItem+Extension.m"; sourceTree = "<group>"; };
		9DBEC91D248A198C0065362F /* UIBarButtonItem+Extension.h */ = {isa = PBXFileReference; fileEncoding = 4; lastKnownFileType = sourcecode.c.h; path = "UIBarButtonItem+Extension.h"; sourceTree = "<group>"; };
		9DBEC91F248A1AD10065362F /* FQTabBar.m */ = {isa = PBXFileReference; fileEncoding = 4; lastKnownFileType = sourcecode.c.objc; path = FQTabBar.m; sourceTree = "<group>"; };
		9DBEC920248A1AD20065362F /* FQTabBar.h */ = {isa = PBXFileReference; fileEncoding = 4; lastKnownFileType = sourcecode.c.h; path = FQTabBar.h; sourceTree = "<group>"; };
/* End PBXFileReference section */

/* Begin PBXFrameworksBuildPhase section */
		9D87D6292489F38C00AAB9FC /* Frameworks */ = {
			isa = PBXFrameworksBuildPhase;
			buildActionMask = 2147483647;
			files = (
			);
			runOnlyForDeploymentPostprocessing = 0;
		};
/* End PBXFrameworksBuildPhase section */

/* Begin PBXGroup section */
		9D8586B8248A23F800681D87 /* Child */ = {
			isa = PBXGroup;
			children = (
				9D8586D6248F87D200681D87 /* KVC */,
				9D8586D1248B33A600681D87 /* OC本质 */,
				9D8586CD248B336D00681D87 /* KVO */,
			);
			path = Child;
			sourceTree = "<group>";
		};
		9D8586C7248A35C400681D87 /* 网页 */ = {
			isa = PBXGroup;
			children = (
				9D8586C9248A361800681D87 /* PageVC.h */,
				9D8586CA248A361800681D87 /* PageVC.m */,
			);
			path = "网页";
			sourceTree = "<group>";
		};
		9D8586CD248B336D00681D87 /* KVO */ = {
			isa = PBXGroup;
			children = (
				9D8586CE248B339300681D87 /* KVOStudyVC.h */,
				9D8586CF248B339300681D87 /* KVOStudyVC.m */,
				9D8586D2248B3AC700681D87 /* XiaoMing.h */,
				9D8586D3248B3AC700681D87 /* XiaoMing.m */,
			);
			path = KVO;
			sourceTree = "<group>";
		};
		9D8586D1248B33A600681D87 /* OC本质 */ = {
			isa = PBXGroup;
			children = (
				9D8586BB248A272D00681D87 /* DuiXiangBenZhiVC.h */,
				9D8586BC248A272D00681D87 /* DuiXiangBenZhiVC.m */,
			);
			path = "OC本质";
			sourceTree = "<group>";
		};
		9D8586D6248F87D200681D87 /* KVC */ = {
			isa = PBXGroup;
			children = (
				9D8586D7248F881600681D87 /* KVCStudyVC.h */,
				9D8586D8248F881600681D87 /* KVCStudyVC.m */,
			);
			path = KVC;
			sourceTree = "<group>";
		};
		9D87D6232489F38C00AAB9FC = {
			isa = PBXGroup;
			children = (
				9D87D62E2489F38C00AAB9FC /* TomatoOC */,
				9D87D62D2489F38C00AAB9FC /* Products */,
			);
			sourceTree = "<group>";
		};
		9D87D62D2489F38C00AAB9FC /* Products */ = {
			isa = PBXGroup;
			children = (
				9D87D62C2489F38C00AAB9FC /* iOS学习.app */,
			);
			name = Products;
			sourceTree = "<group>";
		};
		9D87D62E2489F38C00AAB9FC /* TomatoOC */ = {
			isa = PBXGroup;
			children = (
				9D8586C7248A35C400681D87 /* 网页 */,
				9D87D64C2489F94000AAB9FC /* 个人 */,
				9D87D64B2489F91500AAB9FC /* 工具 */,
				9D87D64A2489F90500AAB9FC /* Demo */,
				9D87D6492489F8F900AAB9FC /* 基础 */,
				9D87D6482489F8EC00AAB9FC /* Base */,
				9D87D62F2489F38C00AAB9FC /* AppDelegate.h */,
				9D87D6302489F38C00AAB9FC /* AppDelegate.m */,
				9D87D6352489F38C00AAB9FC /* ViewController.h */,
				9D87D6362489F38C00AAB9FC /* ViewController.m */,
				9D87D6382489F38C00AAB9FC /* Main.storyboard */,
				9D87D63B2489F38D00AAB9FC /* Assets.xcassets */,
				9D87D63D2489F38D00AAB9FC /* LaunchScreen.storyboard */,
				9D87D6402489F38D00AAB9FC /* Info.plist */,
				9D87D6412489F38D00AAB9FC /* main.m */,
				9D87D655248A115100AAB9FC /* PrefixHeader.pch */,
			);
			path = TomatoOC;
			sourceTree = "<group>";
		};
		9D87D6482489F8EC00AAB9FC /* Base */ = {
			isa = PBXGroup;
			children = (
				9DBEC912248A181E0065362F /* BaseTableViewCell.h */,
				9DBEC910248A181E0065362F /* BaseTableViewCell.m */,
				9DBEC913248A181F0065362F /* BaseTableViewVC.h */,
				9DBEC911248A181E0065362F /* BaseTableViewVC.m */,
				9DBEC90E248A17A40065362F /* BaseVC.h */,
				9DBEC90D248A17A40065362F /* BaseVC.m */,
				9DBEC903248A160E0065362F /* tabbar */,
			);
			path = Base;
			sourceTree = "<group>";
		};
		9D87D6492489F8F900AAB9FC /* 基础 */ = {
			isa = PBXGroup;
			children = (
				9D8586B8248A23F800681D87 /* Child */,
				9D8586B9248A24F400681D87 /* jichu.json */,
				9D8586C4248A322500681D87 /* JiChuCell.h */,
				9D8586C5248A322500681D87 /* JiChuCell.m */,
				9D8586A8248A1CA500681D87 /* JiChuVC.h */,
				9D8586A9248A1CA500681D87 /* JiChuVC.m */,
			);
			path = "基础";
			sourceTree = "<group>";
		};
		9D87D64A2489F90500AAB9FC /* Demo */ = {
			isa = PBXGroup;
			children = (
				9D8586AB248A1CC300681D87 /* DemoVC.h */,
				9D8586AC248A1CC300681D87 /* DemoVC.m */,
			);
			path = Demo;
			sourceTree = "<group>";
		};
		9D87D64B2489F91500AAB9FC /* 工具 */ = {
			isa = PBXGroup;
			children = (
				9D87D651248A076200AAB9FC /* Category */,
				9D8586AE248A1CD800681D87 /* GongJuVC.h */,
				9D8586AF248A1CD800681D87 /* GongJuVC.m */,
			);
			path = "工具";
			sourceTree = "<group>";
		};
		9D87D64C2489F94000AAB9FC /* 个人 */ = {
			isa = PBXGroup;
			children = (
				9D8586B1248A1CEA00681D87 /* GeRenVC.h */,
				9D8586B2248A1CEA00681D87 /* GeRenVC.m */,
			);
			path = "个人";
			sourceTree = "<group>";
		};
		9D87D651248A076200AAB9FC /* Category */ = {
			isa = PBXGroup;
			children = (
				9D8586B6248A22C800681D87 /* UIColor+FQAdd.h */,
				9D8586B5248A22C800681D87 /* UIColor+FQAdd.m */,
				9DBEC91D248A198C0065362F /* UIBarButtonItem+Extension.h */,
				9DBEC91C248A198C0065362F /* UIBarButtonItem+Extension.m */,
				9DBEC91A248A19000065362F /* UIImage+Extension.h */,
				9DBEC919248A19000065362F /* UIImage+Extension.m */,
				9D87D653248A077B00AAB9FC /* UIView+Extension.h */,
				9D87D652248A077B00AAB9FC /* UIView+Extension.m */,
				9D8586BE248A29F500681D87 /* NSData+FQAdd.h */,
				9D8586BF248A29F500681D87 /* NSData+FQAdd.m */,
				9D8586C1248A2B2400681D87 /* NSObject+FQAdd.h */,
				9D8586C2248A2B2400681D87 /* NSObject+FQAdd.m */,
			);
			path = Category;
			sourceTree = "<group>";
		};
		9DBEC903248A160E0065362F /* tabbar */ = {
			isa = PBXGroup;
			children = (
				9D8586A5248A1BD700681D87 /* FQTabBarViewController.h */,
				9D8586A6248A1BD700681D87 /* FQTabBarViewController.m */,
				9D8586A2248A1BC300681D87 /* FQNavigationController.h */,
				9D8586A3248A1BC300681D87 /* FQNavigationController.m */,
				9DBEC920248A1AD20065362F /* FQTabBar.h */,
				9DBEC91F248A1AD10065362F /* FQTabBar.m */,
			);
			path = tabbar;
			sourceTree = "<group>";
		};
/* End PBXGroup section */

/* Begin PBXNativeTarget section */
		9D87D62B2489F38C00AAB9FC /* TomatoOC */ = {
			isa = PBXNativeTarget;
			buildConfigurationList = 9D87D6452489F38D00AAB9FC /* Build configuration list for PBXNativeTarget "TomatoOC" */;
			buildPhases = (
				9D87D6282489F38C00AAB9FC /* Sources */,
				9D87D6292489F38C00AAB9FC /* Frameworks */,
				9D87D62A2489F38C00AAB9FC /* Resources */,
			);
			buildRules = (
			);
			dependencies = (
			);
			name = TomatoOC;
			productName = TomatoOC;
			productReference = 9D87D62C2489F38C00AAB9FC /* iOS学习.app */;
			productType = "com.apple.product-type.application";
		};
/* End PBXNativeTarget section */

/* Begin PBXProject section */
		9D87D6242489F38C00AAB9FC /* Project object */ = {
			isa = PBXProject;
			attributes = {
				LastUpgradeCheck = 1140;
				ORGANIZATIONNAME = master;
				TargetAttributes = {
					9D87D62B2489F38C00AAB9FC = {
						CreatedOnToolsVersion = 11.4.1;
					};
				};
			};
			buildConfigurationList = 9D87D6272489F38C00AAB9FC /* Build configuration list for PBXProject "TomatoOC" */;
			compatibilityVersion = "Xcode 9.3";
			developmentRegion = en;
			hasScannedForEncodings = 0;
			knownRegions = (
				en,
				Base,
			);
			mainGroup = 9D87D6232489F38C00AAB9FC;
			productRefGroup = 9D87D62D2489F38C00AAB9FC /* Products */;
			projectDirPath = "";
			projectRoot = "";
			targets = (
				9D87D62B2489F38C00AAB9FC /* TomatoOC */,
			);
		};
/* End PBXProject section */

/* Begin PBXResourcesBuildPhase section */
		9D87D62A2489F38C00AAB9FC /* Resources */ = {
			isa = PBXResourcesBuildPhase;
			buildActionMask = 2147483647;
			files = (
				9D87D63F2489F38D00AAB9FC /* LaunchScreen.storyboard in Resources */,
				9D8586BA248A24F400681D87 /* jichu.json in Resources */,
				9D87D63C2489F38D00AAB9FC /* Assets.xcassets in Resources */,
				9D87D63A2489F38C00AAB9FC /* Main.storyboard in Resources */,
			);
			runOnlyForDeploymentPostprocessing = 0;
		};
/* End PBXResourcesBuildPhase section */

/* Begin PBXSourcesBuildPhase section */
		9D87D6282489F38C00AAB9FC /* Sources */ = {
			isa = PBXSourcesBuildPhase;
			buildActionMask = 2147483647;
			files = (
				9D8586B7248A22C800681D87 /* UIColor+FQAdd.m in Sources */,
				9DBEC914248A181F0065362F /* BaseTableViewCell.m in Sources */,
				9D8586C0248A29F500681D87 /* NSData+FQAdd.m in Sources */,
				9D87D654248A077B00AAB9FC /* UIView+Extension.m in Sources */,
				9DBEC91B248A19000065362F /* UIImage+Extension.m in Sources */,
				9D8586AD248A1CC300681D87 /* DemoVC.m in Sources */,
				9D8586D0248B339300681D87 /* KVOStudyVC.m in Sources */,
				9D8586D9248F881600681D87 /* KVCStudyVC.m in Sources */,
				9DBEC90F248A17A50065362F /* BaseVC.m in Sources */,
				9D8586AA248A1CA500681D87 /* JiChuVC.m in Sources */,
				9D8586D4248B3AC700681D87 /* XiaoMing.m in Sources */,
				9D87D6372489F38C00AAB9FC /* ViewController.m in Sources */,
				9D87D6312489F38C00AAB9FC /* AppDelegate.m in Sources */,
				9D8586BD248A272D00681D87 /* DuiXiangBenZhiVC.m in Sources */,
				9D8586B0248A1CD800681D87 /* GongJuVC.m in Sources */,
				9DBEC921248A1AD20065362F /* FQTabBar.m in Sources */,
				9D8586A7248A1BD700681D87 /* FQTabBarViewController.m in Sources */,
				9D8586C3248A2B2400681D87 /* NSObject+FQAdd.m in Sources */,
				9D8586C6248A322500681D87 /* JiChuCell.m in Sources */,
				9D87D6422489F38D00AAB9FC /* main.m in Sources */,
				9D8586CB248A361800681D87 /* PageVC.m in Sources */,
				9D8586B3248A1CEA00681D87 /* GeRenVC.m in Sources */,
				9DBEC91E248A198C0065362F /* UIBarButtonItem+Extension.m in Sources */,
				9D8586A4248A1BC300681D87 /* FQNavigationController.m in Sources */,
				9DBEC915248A181F0065362F /* BaseTableViewVC.m in Sources */,
			);
			runOnlyForDeploymentPostprocessing = 0;
		};
/* End PBXSourcesBuildPhase section */

/* Begin PBXVariantGroup section */
		9D87D6382489F38C00AAB9FC /* Main.storyboard */ = {
			isa = PBXVariantGroup;
			children = (
				9D87D6392489F38C00AAB9FC /* Base */,
			);
			name = Main.storyboard;
			sourceTree = "<group>";
		};
		9D87D63D2489F38D00AAB9FC /* LaunchScreen.storyboard */ = {
			isa = PBXVariantGroup;
			children = (
				9D87D63E2489F38D00AAB9FC /* Base */,
			);
			name = LaunchScreen.storyboard;
			sourceTree = "<group>";
		};
/* End PBXVariantGroup section */

/* Begin XCBuildConfiguration section */
		9D87D6432489F38D00AAB9FC /* Debug */ = {
			isa = XCBuildConfiguration;
			buildSettings = {
				ALWAYS_SEARCH_USER_PATHS = NO;
				CLANG_ANALYZER_NONNULL = YES;
				CLANG_ANALYZER_NUMBER_OBJECT_CONVERSION = YES_AGGRESSIVE;
				CLANG_CXX_LANGUAGE_STANDARD = "gnu++14";
				CLANG_CXX_LIBRARY = "libc++";
				CLANG_ENABLE_MODULES = YES;
				CLANG_ENABLE_OBJC_ARC = YES;
				CLANG_ENABLE_OBJC_WEAK = YES;
				CLANG_WARN_BLOCK_CAPTURE_AUTORELEASING = YES;
				CLANG_WARN_BOOL_CONVERSION = YES;
				CLANG_WARN_COMMA = YES;
				CLANG_WARN_CONSTANT_CONVERSION = YES;
				CLANG_WARN_DEPRECATED_OBJC_IMPLEMENTATIONS = YES;
				CLANG_WARN_DIRECT_OBJC_ISA_USAGE = YES_ERROR;
				CLANG_WARN_DOCUMENTATION_COMMENTS = YES;
				CLANG_WARN_EMPTY_BODY = YES;
				CLANG_WARN_ENUM_CONVERSION = YES;
				CLANG_WARN_INFINITE_RECURSION = YES;
				CLANG_WARN_INT_CONVERSION = YES;
				CLANG_WARN_NON_LITERAL_NULL_CONVERSION = YES;
				CLANG_WARN_OBJC_IMPLICIT_RETAIN_SELF = YES;
				CLANG_WARN_OBJC_LITERAL_CONVERSION = YES;
				CLANG_WARN_OBJC_ROOT_CLASS = YES_ERROR;
				CLANG_WARN_RANGE_LOOP_ANALYSIS = YES;
				CLANG_WARN_STRICT_PROTOTYPES = YES;
				CLANG_WARN_SUSPICIOUS_MOVE = YES;
				CLANG_WARN_UNGUARDED_AVAILABILITY = YES_AGGRESSIVE;
				CLANG_WARN_UNREACHABLE_CODE = YES;
				CLANG_WARN__DUPLICATE_METHOD_MATCH = YES;
				COPY_PHASE_STRIP = NO;
				DEBUG_INFORMATION_FORMAT = dwarf;
				ENABLE_STRICT_OBJC_MSGSEND = YES;
				ENABLE_TESTABILITY = YES;
				GCC_C_LANGUAGE_STANDARD = gnu11;
				GCC_DYNAMIC_NO_PIC = NO;
				GCC_NO_COMMON_BLOCKS = YES;
				GCC_OPTIMIZATION_LEVEL = 0;
				GCC_PREPROCESSOR_DEFINITIONS = (
					"DEBUG=1",
					"$(inherited)",
				);
				GCC_WARN_64_TO_32_BIT_CONVERSION = YES;
				GCC_WARN_ABOUT_RETURN_TYPE = YES_ERROR;
				GCC_WARN_UNDECLARED_SELECTOR = YES;
				GCC_WARN_UNINITIALIZED_AUTOS = YES_AGGRESSIVE;
				GCC_WARN_UNUSED_FUNCTION = YES;
				GCC_WARN_UNUSED_VARIABLE = YES;
				IPHONEOS_DEPLOYMENT_TARGET = 13.4;
				MTL_ENABLE_DEBUG_INFO = INCLUDE_SOURCE;
				MTL_FAST_MATH = YES;
				ONLY_ACTIVE_ARCH = YES;
				SDKROOT = iphoneos;
			};
			name = Debug;
		};
		9D87D6442489F38D00AAB9FC /* Release */ = {
			isa = XCBuildConfiguration;
			buildSettings = {
				ALWAYS_SEARCH_USER_PATHS = NO;
				CLANG_ANALYZER_NONNULL = YES;
				CLANG_ANALYZER_NUMBER_OBJECT_CONVERSION = YES_AGGRESSIVE;
				CLANG_CXX_LANGUAGE_STANDARD = "gnu++14";
				CLANG_CXX_LIBRARY = "libc++";
				CLANG_ENABLE_MODULES = YES;
				CLANG_ENABLE_OBJC_ARC = YES;
				CLANG_ENABLE_OBJC_WEAK = YES;
				CLANG_WARN_BLOCK_CAPTURE_AUTORELEASING = YES;
				CLANG_WARN_BOOL_CONVERSION = YES;
				CLANG_WARN_COMMA = YES;
				CLANG_WARN_CONSTANT_CONVERSION = YES;
				CLANG_WARN_DEPRECATED_OBJC_IMPLEMENTATIONS = YES;
				CLANG_WARN_DIRECT_OBJC_ISA_USAGE = YES_ERROR;
				CLANG_WARN_DOCUMENTATION_COMMENTS = YES;
				CLANG_WARN_EMPTY_BODY = YES;
				CLANG_WARN_ENUM_CONVERSION = YES;
				CLANG_WARN_INFINITE_RECURSION = YES;
				CLANG_WARN_INT_CONVERSION = YES;
				CLANG_WARN_NON_LITERAL_NULL_CONVERSION = YES;
				CLANG_WARN_OBJC_IMPLICIT_RETAIN_SELF = YES;
				CLANG_WARN_OBJC_LITERAL_CONVERSION = YES;
				CLANG_WARN_OBJC_ROOT_CLASS = YES_ERROR;
				CLANG_WARN_RANGE_LOOP_ANALYSIS = YES;
				CLANG_WARN_STRICT_PROTOTYPES = YES;
				CLANG_WARN_SUSPICIOUS_MOVE = YES;
				CLANG_WARN_UNGUARDED_AVAILABILITY = YES_AGGRESSIVE;
				CLANG_WARN_UNREACHABLE_CODE = YES;
				CLANG_WARN__DUPLICATE_METHOD_MATCH = YES;
				COPY_PHASE_STRIP = NO;
				DEBUG_INFORMATION_FORMAT = "dwarf-with-dsym";
				ENABLE_NS_ASSERTIONS = NO;
				ENABLE_STRICT_OBJC_MSGSEND = YES;
				GCC_C_LANGUAGE_STANDARD = gnu11;
				GCC_NO_COMMON_BLOCKS = YES;
				GCC_WARN_64_TO_32_BIT_CONVERSION = YES;
				GCC_WARN_ABOUT_RETURN_TYPE = YES_ERROR;
				GCC_WARN_UNDECLARED_SELECTOR = YES;
				GCC_WARN_UNINITIALIZED_AUTOS = YES_AGGRESSIVE;
				GCC_WARN_UNUSED_FUNCTION = YES;
				GCC_WARN_UNUSED_VARIABLE = YES;
				IPHONEOS_DEPLOYMENT_TARGET = 13.4;
				MTL_ENABLE_DEBUG_INFO = NO;
				MTL_FAST_MATH = YES;
				SDKROOT = iphoneos;
				VALIDATE_PRODUCT = YES;
			};
			name = Release;
		};
		9D87D6462489F38D00AAB9FC /* Debug */ = {
			isa = XCBuildConfiguration;
			buildSettings = {
				ASSETCATALOG_COMPILER_APPICON_NAME = AppIcon;
				CODE_SIGN_IDENTITY = "iPhone Developer";
				CODE_SIGN_STYLE = Manual;
				DEVELOPMENT_TEAM = JE9X9ZZ2LL;
				GCC_PREFIX_HEADER = TomatoOC/PrefixHeader.pch;
				INFOPLIST_FILE = TomatoOC/Info.plist;
				IPHONEOS_DEPLOYMENT_TARGET = 9.0;
				LD_RUNPATH_SEARCH_PATHS = (
					"$(inherited)",
					"@executable_path/Frameworks",
				);
				PRODUCT_BUNDLE_IDENTIFIER = master.TomatoOC;
				PRODUCT_NAME = "iOS学习";
				PROVISIONING_PROFILE_SPECIFIER = "20200514*dev";
				TARGETED_DEVICE_FAMILY = "1,2";
			};
			name = Debug;
		};
		9D87D6472489F38D00AAB9FC /* Release */ = {
			isa = XCBuildConfiguration;
			buildSettings = {
				ASSETCATALOG_COMPILER_APPICON_NAME = AppIcon;
				CODE_SIGN_IDENTITY = "iPhone Developer";
				CODE_SIGN_STYLE = Manual;
				DEVELOPMENT_TEAM = JE9X9ZZ2LL;
				GCC_PREFIX_HEADER = TomatoOC/PrefixHeader.pch;
				INFOPLIST_FILE = TomatoOC/Info.plist;
				IPHONEOS_DEPLOYMENT_TARGET = 9.0;
				LD_RUNPATH_SEARCH_PATHS = (
					"$(inherited)",
					"@executable_path/Frameworks",
				);
				PRODUCT_BUNDLE_IDENTIFIER = master.TomatoOC;
				PRODUCT_NAME = "iOS学习";
				PROVISIONING_PROFILE_SPECIFIER = "20200514*dev";
				TARGETED_DEVICE_FAMILY = "1,2";
			};
			name = Release;
		};
/* End XCBuildConfiguration section */

/* Begin XCConfigurationList section */
		9D87D6272489F38C00AAB9FC /* Build configuration list for PBXProject "TomatoOC" */ = {
			isa = XCConfigurationList;
			buildConfigurations = (
				9D87D6432489F38D00AAB9FC /* Debug */,
				9D87D6442489F38D00AAB9FC /* Release */,
			);
			defaultConfigurationIsVisible = 0;
			defaultConfigurationName = Release;
		};
		9D87D6452489F38D00AAB9FC /* Build configuration list for PBXNativeTarget "TomatoOC" */ = {
			isa = XCConfigurationList;
			buildConfigurations = (
				9D87D6462489F38D00AAB9FC /* Debug */,
				9D87D6472489F38D00AAB9FC /* Release */,
			);
			defaultConfigurationIsVisible = 0;
			defaultConfigurationName = Release;
		};
/* End XCConfigurationList section */
	};
	rootObject = 9D87D6242489F38C00AAB9FC /* Project object */;
}
